
Microsoft Visual Studio Solution File, Format Version 12.00
# Visual Studio Version 17
VisualStudioVersion = 17.0.32112.339
MinimumVisualStudioVersion = 10.0.40219.1
Project("{FAE04EC0-301F-11D3-BF4B-00C04F79EFBC}") = "1MConcurrentTasks", "src\1MConcurrentTasks.csproj", "{58967D38-D1EB-466A-8693-F0314C00D6B3}"
EndProject
Global
	GlobalSection(SolutionConfigurationPlatforms) = preSolution
		Debug|Any CPU = Debug|Any CPU
		Release|Any CPU = Release|Any CPU
	EndGlobalSection
	GlobalSection(ProjectConfigurationPlatforms) = postSolution
		{58967D38-D1EB-466A-8693-F0314C00D6B3}.Debug|Any CPU.ActiveCfg = Debug|Any CPU
		{58967D38-D1EB-466A-8693-F0314C00D6B3}.Debug|Any CPU.Build.0 = Debug|Any CPU
		{58967D38-D1EB-466A-8693-F0314C00D6B3}.Release|Any CPU.ActiveCfg = Release|Any CPU
		{58967D38-D1EB-466A-8693-F0314C00D6B3}.Release|Any CPU.Build.0 = Release|Any CPU
	EndGlobalSection
	GlobalSection(SolutionProperties) = preSolution
		HideSolutionNode = FALSE
	EndGlobalSection
	GlobalSection(ExtensibilityGlobals) = postSolution
		SolutionGuid = {542DD02E-8751-4155-AF25-25FBF9ED4D9E}
	EndGlobalSection
EndGlobal
